// !$*UTF8*$!
{
	archiveVersion = 1;
	classes = {
	};
	objectVersion = 46;
	objects = {

/* Begin PBXBuildFile section */
		562FD97DFFEB499980D448CA /* libPods.a in Frameworks */ = {isa = PBXBuildFile; fileRef = ED7B3820CE5540D3A6671128 /* libPods.a */; };
		A0077AB0180CDF75003A5FFF /* UIColor+HN.m in Sources */ = {isa = PBXBuildFile; fileRef = A0077AAF180CDF75003A5FFF /* UIColor+HN.m */; };
		A0077AB3180CDFBB003A5FFF /* UIFont+HN.m in Sources */ = {isa = PBXBuildFile; fileRef = A0077AB2180CDFBB003A5FFF /* UIFont+HN.m */; };
		A0077AB9180D00ED003A5FFF /* JRFCommentViewController.m in Sources */ = {isa = PBXBuildFile; fileRef = A0077AB8180D00ED003A5FFF /* JRFCommentViewController.m */; };
		A00CE5B6180BEB7D003F91AC /* JRFHNBrowserController.m in Sources */ = {isa = PBXBuildFile; fileRef = A00CE5B5180BEB7D003F91AC /* JRFHNBrowserController.m */; };
		A045937B1810FF7700350BDD /* JRFCommentCell.xib in Resources */ = {isa = PBXBuildFile; fileRef = A045937A1810FF7700350BDD /* JRFCommentCell.xib */; };
		A045937E1811975E00350BDD /* JRFURLRouter.m in Sources */ = {isa = PBXBuildFile; fileRef = A045937D1811975E00350BDD /* JRFURLRouter.m */; };
		A046F26D180FB7F9004F0471 /* NSDate+Utility.m in Sources */ = {isa = PBXBuildFile; fileRef = A046F26C180FB7F9004F0471 /* NSDate+Utility.m */; };
		A046F270180FCF4A004F0471 /* JRFEntryDetailSerializer.m in Sources */ = {isa = PBXBuildFile; fileRef = A046F26F180FCF4A004F0471 /* JRFEntryDetailSerializer.m */; };
		A046F273180FCFA5004F0471 /* JRFComment.m in Sources */ = {isa = PBXBuildFile; fileRef = A046F272180FCFA5004F0471 /* JRFComment.m */; };
		A046F276180FD01D004F0471 /* NSDictionary+NilSafe.m in Sources */ = {isa = PBXBuildFile; fileRef = A046F275180FD01D004F0471 /* NSDictionary+NilSafe.m */; };
		A046F27D180FE221004F0471 /* JRFCommentCell.m in Sources */ = {isa = PBXBuildFile; fileRef = A046F27C180FE221004F0471 /* JRFCommentCell.m */; };
		A0B441711808DB3F00529C07 /* Foundation.framework in Frameworks */ = {isa = PBXBuildFile; fileRef = A0B441701808DB3F00529C07 /* Foundation.framework */; };
		A0B441731808DB3F00529C07 /* CoreGraphics.framework in Frameworks */ = {isa = PBXBuildFile; fileRef = A0B441721808DB3F00529C07 /* CoreGraphics.framework */; };
		A0B441751808DB3F00529C07 /* UIKit.framework in Frameworks */ = {isa = PBXBuildFile; fileRef = A0B441741808DB3F00529C07 /* UIKit.framework */; };
		A0B4417B1808DB3F00529C07 /* InfoPlist.strings in Resources */ = {isa = PBXBuildFile; fileRef = A0B441791808DB3F00529C07 /* InfoPlist.strings */; };
		A0B4417D1808DB3F00529C07 /* main.m in Sources */ = {isa = PBXBuildFile; fileRef = A0B4417C1808DB3F00529C07 /* main.m */; };
		A0B441811808DB3F00529C07 /* JRFAppDelegate.m in Sources */ = {isa = PBXBuildFile; fileRef = A0B441801808DB3F00529C07 /* JRFAppDelegate.m */; };
		A0B441871808DB3F00529C07 /* JRFStoriesFeedViewController.m in Sources */ = {isa = PBXBuildFile; fileRef = A0B441861808DB3F00529C07 /* JRFStoriesFeedViewController.m */; };
		A0B4418C1808DB3F00529C07 /* Images.xcassets in Resources */ = {isa = PBXBuildFile; fileRef = A0B4418B1808DB3F00529C07 /* Images.xcassets */; };
		A0B441931808DB3F00529C07 /* XCTest.framework in Frameworks */ = {isa = PBXBuildFile; fileRef = A0B441921808DB3F00529C07 /* XCTest.framework */; };
		A0B441941808DB3F00529C07 /* Foundation.framework in Frameworks */ = {isa = PBXBuildFile; fileRef = A0B441701808DB3F00529C07 /* Foundation.framework */; };
		A0B441951808DB3F00529C07 /* UIKit.framework in Frameworks */ = {isa = PBXBuildFile; fileRef = A0B441741808DB3F00529C07 /* UIKit.framework */; };
		A0B4419D1808DB3F00529C07 /* InfoPlist.strings in Resources */ = {isa = PBXBuildFile; fileRef = A0B4419B1808DB3F00529C07 /* InfoPlist.strings */; };
		A0B4419F1808DB3F00529C07 /* JFHNTests.m in Sources */ = {isa = PBXBuildFile; fileRef = A0B4419E1808DB3F00529C07 /* JFHNTests.m */; };
		A0B441AA1808DF9A00529C07 /* JRFStoryStore.m in Sources */ = {isa = PBXBuildFile; fileRef = A0B441A91808DF9A00529C07 /* JRFStoryStore.m */; };
		A0B441AD1808E09F00529C07 /* JRFStory.m in Sources */ = {isa = PBXBuildFile; fileRef = A0B441AC1808E09F00529C07 /* JRFStory.m */; };
		A0B441B01808E81800529C07 /* JRFStoryCell.m in Sources */ = {isa = PBXBuildFile; fileRef = A0B441AF1808E81800529C07 /* JRFStoryCell.m */; };
		A0B441B21808E82600529C07 /* JRFStoryCell.xib in Resources */ = {isa = PBXBuildFile; fileRef = A0B441B11808E82600529C07 /* JRFStoryCell.xib */; };
		A0B441BA18092C3C00529C07 /* JRFEntrySerializer.m in Sources */ = {isa = PBXBuildFile; fileRef = A0B441B918092C3C00529C07 /* JRFEntrySerializer.m */; };
		A0B441BD180B809200529C07 /* JRFBrowserController.m in Sources */ = {isa = PBXBuildFile; fileRef = A0B441BC180B809200529C07 /* JRFBrowserController.m */; };
/* End PBXBuildFile section */

/* Begin PBXContainerItemProxy section */
		A0B441961808DB3F00529C07 /* PBXContainerItemProxy */ = {
			isa = PBXContainerItemProxy;
			containerPortal = A0B441651808DB3F00529C07 /* Project object */;
			proxyType = 1;
			remoteGlobalIDString = A0B4416C1808DB3F00529C07;
			remoteInfo = JFHN;
		};
/* End PBXContainerItemProxy section */

/* Begin PBXFileReference section */
		A0077AAE180CDF75003A5FFF /* UIColor+HN.h */ = {isa = PBXFileReference; fileEncoding = 4; lastKnownFileType = sourcecode.c.h; path = "UIColor+HN.h"; sourceTree = "<group>"; };
		A0077AAF180CDF75003A5FFF /* UIColor+HN.m */ = {isa = PBXFileReference; fileEncoding = 4; lastKnownFileType = sourcecode.c.objc; path = "UIColor+HN.m"; sourceTree = "<group>"; };
		A0077AB1180CDFBB003A5FFF /* UIFont+HN.h */ = {isa = PBXFileReference; fileEncoding = 4; lastKnownFileType = sourcecode.c.h; path = "UIFont+HN.h"; sourceTree = "<group>"; };
		A0077AB2180CDFBB003A5FFF /* UIFont+HN.m */ = {isa = PBXFileReference; fileEncoding = 4; lastKnownFileType = sourcecode.c.objc; path = "UIFont+HN.m"; sourceTree = "<group>"; };
		A0077AB7180D00ED003A5FFF /* JRFCommentViewController.h */ = {isa = PBXFileReference; fileEncoding = 4; lastKnownFileType = sourcecode.c.h; path = JRFCommentViewController.h; sourceTree = "<group>"; };
		A0077AB8180D00ED003A5FFF /* JRFCommentViewController.m */ = {isa = PBXFileReference; fileEncoding = 4; lastKnownFileType = sourcecode.c.objc; path = JRFCommentViewController.m; sourceTree = "<group>"; };
		A00CE5B4180BEB7D003F91AC /* JRFHNBrowserController.h */ = {isa = PBXFileReference; fileEncoding = 4; lastKnownFileType = sourcecode.c.h; path = JRFHNBrowserController.h; sourceTree = "<group>"; };
		A00CE5B5180BEB7D003F91AC /* JRFHNBrowserController.m */ = {isa = PBXFileReference; fileEncoding = 4; lastKnownFileType = sourcecode.c.objc; path = JRFHNBrowserController.m; sourceTree = "<group>"; };
		A045937A1810FF7700350BDD /* JRFCommentCell.xib */ = {isa = PBXFileReference; fileEncoding = 4; lastKnownFileType = file.xib; path = JRFCommentCell.xib; sourceTree = "<group>"; };
		A045937C1811975E00350BDD /* JRFURLRouter.h */ = {isa = PBXFileReference; fileEncoding = 4; lastKnownFileType = sourcecode.c.h; path = JRFURLRouter.h; sourceTree = "<group>"; };
		A045937D1811975E00350BDD /* JRFURLRouter.m */ = {isa = PBXFileReference; fileEncoding = 4; lastKnownFileType = sourcecode.c.objc; path = JRFURLRouter.m; sourceTree = "<group>"; };
		A046F26B180FB7F9004F0471 /* NSDate+Utility.h */ = {isa = PBXFileReference; fileEncoding = 4; lastKnownFileType = sourcecode.c.h; path = "NSDate+Utility.h"; sourceTree = "<group>"; };
		A046F26C180FB7F9004F0471 /* NSDate+Utility.m */ = {isa = PBXFileReference; fileEncoding = 4; lastKnownFileType = sourcecode.c.objc; path = "NSDate+Utility.m"; sourceTree = "<group>"; };
		A046F26E180FCF4A004F0471 /* JRFEntryDetailSerializer.h */ = {isa = PBXFileReference; fileEncoding = 4; lastKnownFileType = sourcecode.c.h; path = JRFEntryDetailSerializer.h; sourceTree = "<group>"; };
		A046F26F180FCF4A004F0471 /* JRFEntryDetailSerializer.m */ = {isa = PBXFileReference; fileEncoding = 4; lastKnownFileType = sourcecode.c.objc; path = JRFEntryDetailSerializer.m; sourceTree = "<group>"; };
		A046F271180FCFA5004F0471 /* JRFComment.h */ = {isa = PBXFileReference; fileEncoding = 4; lastKnownFileType = sourcecode.c.h; path = JRFComment.h; sourceTree = "<group>"; };
		A046F272180FCFA5004F0471 /* JRFComment.m */ = {isa = PBXFileReference; fileEncoding = 4; lastKnownFileType = sourcecode.c.objc; path = JRFComment.m; sourceTree = "<group>"; };
		A046F274180FD01D004F0471 /* NSDictionary+NilSafe.h */ = {isa = PBXFileReference; fileEncoding = 4; lastKnownFileType = sourcecode.c.h; path = "NSDictionary+NilSafe.h"; sourceTree = "<group>"; };
		A046F275180FD01D004F0471 /* NSDictionary+NilSafe.m */ = {isa = PBXFileReference; fileEncoding = 4; lastKnownFileType = sourcecode.c.objc; path = "NSDictionary+NilSafe.m"; sourceTree = "<group>"; };
		A046F27B180FE221004F0471 /* JRFCommentCell.h */ = {isa = PBXFileReference; fileEncoding = 4; lastKnownFileType = sourcecode.c.h; path = JRFCommentCell.h; sourceTree = "<group>"; };
		A046F27C180FE221004F0471 /* JRFCommentCell.m */ = {isa = PBXFileReference; fileEncoding = 4; lastKnownFileType = sourcecode.c.objc; path = JRFCommentCell.m; sourceTree = "<group>"; };
		A0B4416D1808DB3F00529C07 /* JFHN.app */ = {isa = PBXFileReference; explicitFileType = wrapper.application; includeInIndex = 0; path = JFHN.app; sourceTree = BUILT_PRODUCTS_DIR; };
		A0B441701808DB3F00529C07 /* Foundation.framework */ = {isa = PBXFileReference; lastKnownFileType = wrapper.framework; name = Foundation.framework; path = System/Library/Frameworks/Foundation.framework; sourceTree = SDKROOT; };
		A0B441721808DB3F00529C07 /* CoreGraphics.framework */ = {isa = PBXFileReference; lastKnownFileType = wrapper.framework; name = CoreGraphics.framework; path = System/Library/Frameworks/CoreGraphics.framework; sourceTree = SDKROOT; };
		A0B441741808DB3F00529C07 /* UIKit.framework */ = {isa = PBXFileReference; lastKnownFileType = wrapper.framework; name = UIKit.framework; path = System/Library/Frameworks/UIKit.framework; sourceTree = SDKROOT; };
		A0B441781808DB3F00529C07 /* JFHN-Info.plist */ = {isa = PBXFileReference; lastKnownFileType = text.plist.xml; path = "JFHN-Info.plist"; sourceTree = "<group>"; };
		A0B4417A1808DB3F00529C07 /* en */ = {isa = PBXFileReference; lastKnownFileType = text.plist.strings; name = en; path = en.lproj/InfoPlist.strings; sourceTree = "<group>"; };
		A0B4417C1808DB3F00529C07 /* main.m */ = {isa = PBXFileReference; lastKnownFileType = sourcecode.c.objc; path = main.m; sourceTree = "<group>"; };
		A0B4417E1808DB3F00529C07 /* JFHN-Prefix.pch */ = {isa = PBXFileReference; lastKnownFileType = sourcecode.c.h; path = "JFHN-Prefix.pch"; sourceTree = "<group>"; };
		A0B4417F1808DB3F00529C07 /* JRFAppDelegate.h */ = {isa = PBXFileReference; lastKnownFileType = sourcecode.c.h; path = JRFAppDelegate.h; sourceTree = "<group>"; };
		A0B441801808DB3F00529C07 /* JRFAppDelegate.m */ = {isa = PBXFileReference; lastKnownFileType = sourcecode.c.objc; path = JRFAppDelegate.m; sourceTree = "<group>"; };
		A0B441851808DB3F00529C07 /* JRFStoriesFeedViewController.h */ = {isa = PBXFileReference; lastKnownFileType = sourcecode.c.h; path = JRFStoriesFeedViewController.h; sourceTree = "<group>"; };
		A0B441861808DB3F00529C07 /* JRFStoriesFeedViewController.m */ = {isa = PBXFileReference; lastKnownFileType = sourcecode.c.objc; path = JRFStoriesFeedViewController.m; sourceTree = "<group>"; };
		A0B4418B1808DB3F00529C07 /* Images.xcassets */ = {isa = PBXFileReference; lastKnownFileType = folder.assetcatalog; path = Images.xcassets; sourceTree = "<group>"; };
		A0B441911808DB3F00529C07 /* JFHNTests.xctest */ = {isa = PBXFileReference; explicitFileType = wrapper.cfbundle; includeInIndex = 0; path = JFHNTests.xctest; sourceTree = BUILT_PRODUCTS_DIR; };
		A0B441921808DB3F00529C07 /* XCTest.framework */ = {isa = PBXFileReference; lastKnownFileType = wrapper.framework; name = XCTest.framework; path = Library/Frameworks/XCTest.framework; sourceTree = DEVELOPER_DIR; };
		A0B4419A1808DB3F00529C07 /* JFHNTests-Info.plist */ = {isa = PBXFileReference; lastKnownFileType = text.plist.xml; path = "JFHNTests-Info.plist"; sourceTree = "<group>"; };
		A0B4419C1808DB3F00529C07 /* en */ = {isa = PBXFileReference; lastKnownFileType = text.plist.strings; name = en; path = en.lproj/InfoPlist.strings; sourceTree = "<group>"; };
		A0B4419E1808DB3F00529C07 /* JFHNTests.m */ = {isa = PBXFileReference; lastKnownFileType = sourcecode.c.objc; path = JFHNTests.m; sourceTree = "<group>"; };
		A0B441A81808DF9A00529C07 /* JRFStoryStore.h */ = {isa = PBXFileReference; fileEncoding = 4; lastKnownFileType = sourcecode.c.h; path = JRFStoryStore.h; sourceTree = "<group>"; };
		A0B441A91808DF9A00529C07 /* JRFStoryStore.m */ = {isa = PBXFileReference; fileEncoding = 4; lastKnownFileType = sourcecode.c.objc; path = JRFStoryStore.m; sourceTree = "<group>"; };
		A0B441AB1808E09F00529C07 /* JRFStory.h */ = {isa = PBXFileReference; fileEncoding = 4; lastKnownFileType = sourcecode.c.h; path = JRFStory.h; sourceTree = "<group>"; };
		A0B441AC1808E09F00529C07 /* JRFStory.m */ = {isa = PBXFileReference; fileEncoding = 4; lastKnownFileType = sourcecode.c.objc; path = JRFStory.m; sourceTree = "<group>"; };
		A0B441AE1808E81800529C07 /* JRFStoryCell.h */ = {isa = PBXFileReference; fileEncoding = 4; lastKnownFileType = sourcecode.c.h; path = JRFStoryCell.h; sourceTree = "<group>"; };
		A0B441AF1808E81800529C07 /* JRFStoryCell.m */ = {isa = PBXFileReference; fileEncoding = 4; lastKnownFileType = sourcecode.c.objc; path = JRFStoryCell.m; sourceTree = "<group>"; };
		A0B441B11808E82600529C07 /* JRFStoryCell.xib */ = {isa = PBXFileReference; fileEncoding = 4; lastKnownFileType = file.xib; path = JRFStoryCell.xib; sourceTree = "<group>"; };
		A0B441B818092C3C00529C07 /* JRFEntrySerializer.h */ = {isa = PBXFileReference; fileEncoding = 4; lastKnownFileType = sourcecode.c.h; path = JRFEntrySerializer.h; sourceTree = "<group>"; };
		A0B441B918092C3C00529C07 /* JRFEntrySerializer.m */ = {isa = PBXFileReference; fileEncoding = 4; lastKnownFileType = sourcecode.c.objc; path = JRFEntrySerializer.m; sourceTree = "<group>"; };
		A0B441BB180B809200529C07 /* JRFBrowserController.h */ = {isa = PBXFileReference; fileEncoding = 4; lastKnownFileType = sourcecode.c.h; path = JRFBrowserController.h; sourceTree = "<group>"; };
		A0B441BC180B809200529C07 /* JRFBrowserController.m */ = {isa = PBXFileReference; fileEncoding = 4; lastKnownFileType = sourcecode.c.objc; path = JRFBrowserController.m; sourceTree = "<group>"; };
		ED7B3820CE5540D3A6671128 /* libPods.a */ = {isa = PBXFileReference; explicitFileType = archive.ar; includeInIndex = 0; path = libPods.a; sourceTree = BUILT_PRODUCTS_DIR; };
		F49651D2A68643A4BF21E552 /* Pods.xcconfig */ = {isa = PBXFileReference; includeInIndex = 1; lastKnownFileType = text.xcconfig; name = Pods.xcconfig; path = Pods/Pods.xcconfig; sourceTree = "<group>"; };
/* End PBXFileReference section */

/* Begin PBXFrameworksBuildPhase section */
		A0B4416A1808DB3F00529C07 /* Frameworks */ = {
			isa = PBXFrameworksBuildPhase;
			buildActionMask = 2147483647;
			files = (
				A0B441731808DB3F00529C07 /* CoreGraphics.framework in Frameworks */,
				A0B441751808DB3F00529C07 /* UIKit.framework in Frameworks */,
				A0B441711808DB3F00529C07 /* Foundation.framework in Frameworks */,
				562FD97DFFEB499980D448CA /* libPods.a in Frameworks */,
			);
			runOnlyForDeploymentPostprocessing = 0;
		};
		A0B4418E1808DB3F00529C07 /* Frameworks */ = {
			isa = PBXFrameworksBuildPhase;
			buildActionMask = 2147483647;
			files = (
				A0B441931808DB3F00529C07 /* XCTest.framework in Frameworks */,
				A0B441951808DB3F00529C07 /* UIKit.framework in Frameworks */,
				A0B441941808DB3F00529C07 /* Foundation.framework in Frameworks */,
			);
			runOnlyForDeploymentPostprocessing = 0;
		};
/* End PBXFrameworksBuildPhase section */

/* Begin PBXGroup section */
		A0B441641808DB3F00529C07 = {
			isa = PBXGroup;
			children = (
				A0B441761808DB3F00529C07 /* JFHN */,
				A0B441981808DB3F00529C07 /* JFHNTests */,
				A0B4416F1808DB3F00529C07 /* Frameworks */,
				A0B4416E1808DB3F00529C07 /* Products */,
				F49651D2A68643A4BF21E552 /* Pods.xcconfig */,
			);
			sourceTree = "<group>";
		};
		A0B4416E1808DB3F00529C07 /* Products */ = {
			isa = PBXGroup;
			children = (
				A0B4416D1808DB3F00529C07 /* JFHN.app */,
				A0B441911808DB3F00529C07 /* JFHNTests.xctest */,
			);
			name = Products;
			sourceTree = "<group>";
		};
		A0B4416F1808DB3F00529C07 /* Frameworks */ = {
			isa = PBXGroup;
			children = (
				A0B441701808DB3F00529C07 /* Foundation.framework */,
				A0B441721808DB3F00529C07 /* CoreGraphics.framework */,
				A0B441741808DB3F00529C07 /* UIKit.framework */,
				A0B441921808DB3F00529C07 /* XCTest.framework */,
				ED7B3820CE5540D3A6671128 /* libPods.a */,
			);
			name = Frameworks;
			sourceTree = "<group>";
		};
		A0B441761808DB3F00529C07 /* JFHN */ = {
			isa = PBXGroup;
			children = (
				A0B4417F1808DB3F00529C07 /* JRFAppDelegate.h */,
				A0B441801808DB3F00529C07 /* JRFAppDelegate.m */,
				A0B441851808DB3F00529C07 /* JRFStoriesFeedViewController.h */,
				A0B441861808DB3F00529C07 /* JRFStoriesFeedViewController.m */,
				A0B441A81808DF9A00529C07 /* JRFStoryStore.h */,
				A0B441A91808DF9A00529C07 /* JRFStoryStore.m */,
				A0B441AB1808E09F00529C07 /* JRFStory.h */,
				A0B441AC1808E09F00529C07 /* JRFStory.m */,
				A046F271180FCFA5004F0471 /* JRFComment.h */,
				A046F272180FCFA5004F0471 /* JRFComment.m */,
				A046F27B180FE221004F0471 /* JRFCommentCell.h */,
				A046F27C180FE221004F0471 /* JRFCommentCell.m */,
				A045937A1810FF7700350BDD /* JRFCommentCell.xib */,
				A0B441AE1808E81800529C07 /* JRFStoryCell.h */,
				A0B441AF1808E81800529C07 /* JRFStoryCell.m */,
				A0B441B11808E82600529C07 /* JRFStoryCell.xib */,
				A0B441B818092C3C00529C07 /* JRFEntrySerializer.h */,
				A0B441B918092C3C00529C07 /* JRFEntrySerializer.m */,
				A046F26E180FCF4A004F0471 /* JRFEntryDetailSerializer.h */,
				A046F26F180FCF4A004F0471 /* JRFEntryDetailSerializer.m */,
				A0B441BB180B809200529C07 /* JRFBrowserController.h */,
				A0B441BC180B809200529C07 /* JRFBrowserController.m */,
				A045937C1811975E00350BDD /* JRFURLRouter.h */,
				A045937D1811975E00350BDD /* JRFURLRouter.m */,
				A00CE5B4180BEB7D003F91AC /* JRFHNBrowserController.h */,
				A00CE5B5180BEB7D003F91AC /* JRFHNBrowserController.m */,
				A0077AB7180D00ED003A5FFF /* JRFCommentViewController.h */,
				A0077AB8180D00ED003A5FFF /* JRFCommentViewController.m */,
				A0077AAE180CDF75003A5FFF /* UIColor+HN.h */,
				A0077AAF180CDF75003A5FFF /* UIColor+HN.m */,
				A0077AB1180CDFBB003A5FFF /* UIFont+HN.h */,
				A0077AB2180CDFBB003A5FFF /* UIFont+HN.m */,
				A046F26B180FB7F9004F0471 /* NSDate+Utility.h */,
				A046F274180FD01D004F0471 /* NSDictionary+NilSafe.h */,
				A046F275180FD01D004F0471 /* NSDictionary+NilSafe.m */,
				A046F26C180FB7F9004F0471 /* NSDate+Utility.m */,
				A0B4418B1808DB3F00529C07 /* Images.xcassets */,
				A0B441771808DB3F00529C07 /* Supporting Files */,
			);
			path = JFHN;
			sourceTree = "<group>";
		};
		A0B441771808DB3F00529C07 /* Supporting Files */ = {
			isa = PBXGroup;
			children = (
				A0B441781808DB3F00529C07 /* JFHN-Info.plist */,
				A0B441791808DB3F00529C07 /* InfoPlist.strings */,
				A0B4417C1808DB3F00529C07 /* main.m */,
				A0B4417E1808DB3F00529C07 /* JFHN-Prefix.pch */,
			);
			name = "Supporting Files";
			sourceTree = "<group>";
		};
		A0B441981808DB3F00529C07 /* JFHNTests */ = {
			isa = PBXGroup;
			children = (
				A0B4419E1808DB3F00529C07 /* JFHNTests.m */,
				A0B441991808DB3F00529C07 /* Supporting Files */,
			);
			path = JFHNTests;
			sourceTree = "<group>";
		};
		A0B441991808DB3F00529C07 /* Supporting Files */ = {
			isa = PBXGroup;
			children = (
				A0B4419A1808DB3F00529C07 /* JFHNTests-Info.plist */,
				A0B4419B1808DB3F00529C07 /* InfoPlist.strings */,
			);
			name = "Supporting Files";
			sourceTree = "<group>";
		};
/* End PBXGroup section */

/* Begin PBXNativeTarget section */
		A0B4416C1808DB3F00529C07 /* JFHN */ = {
			isa = PBXNativeTarget;
			buildConfigurationList = A0B441A21808DB3F00529C07 /* Build configuration list for PBXNativeTarget "JFHN" */;
			buildPhases = (
				28CF969216A947299E906C26 /* Check Pods Manifest.lock */,
				A0B441691808DB3F00529C07 /* Sources */,
				A0B4416A1808DB3F00529C07 /* Frameworks */,
				A0B4416B1808DB3F00529C07 /* Resources */,
				C0634ECCFEFA4F25A9DE4593 /* Copy Pods Resources */,
			);
			buildRules = (
			);
			dependencies = (
			);
			name = JFHN;
			productName = JFHN;
			productReference = A0B4416D1808DB3F00529C07 /* JFHN.app */;
			productType = "com.apple.product-type.application";
		};
		A0B441901808DB3F00529C07 /* JFHNTests */ = {
			isa = PBXNativeTarget;
			buildConfigurationList = A0B441A51808DB3F00529C07 /* Build configuration list for PBXNativeTarget "JFHNTests" */;
			buildPhases = (
				A0B4418D1808DB3F00529C07 /* Sources */,
				A0B4418E1808DB3F00529C07 /* Frameworks */,
				A0B4418F1808DB3F00529C07 /* Resources */,
			);
			buildRules = (
			);
			dependencies = (
				A0B441971808DB3F00529C07 /* PBXTargetDependency */,
			);
			name = JFHNTests;
			productName = JFHNTests;
			productReference = A0B441911808DB3F00529C07 /* JFHNTests.xctest */;
			productType = "com.apple.product-type.bundle.unit-test";
		};
/* End PBXNativeTarget section */

/* Begin PBXProject section */
		A0B441651808DB3F00529C07 /* Project object */ = {
			isa = PBXProject;
			attributes = {
				CLASSPREFIX = JRF;
				LastUpgradeCheck = 0500;
				ORGANIZATIONNAME = "Jack Flintermann";
				TargetAttributes = {
					A0B4416C1808DB3F00529C07 = {
						SystemCapabilities = {
							com.apple.BackgroundModes = {
								enabled = 1;
							};
						};
					};
					A0B441901808DB3F00529C07 = {
						TestTargetID = A0B4416C1808DB3F00529C07;
					};
				};
			};
			buildConfigurationList = A0B441681808DB3F00529C07 /* Build configuration list for PBXProject "JFHN" */;
			compatibilityVersion = "Xcode 3.2";
			developmentRegion = English;
			hasScannedForEncodings = 0;
			knownRegions = (
				en,
				Base,
			);
			mainGroup = A0B441641808DB3F00529C07;
			productRefGroup = A0B4416E1808DB3F00529C07 /* Products */;
			projectDirPath = "";
			projectRoot = "";
			targets = (
				A0B4416C1808DB3F00529C07 /* JFHN */,
				A0B441901808DB3F00529C07 /* JFHNTests */,
			);
		};
/* End PBXProject section */

/* Begin PBXResourcesBuildPhase section */
		A0B4416B1808DB3F00529C07 /* Resources */ = {
			isa = PBXResourcesBuildPhase;
			buildActionMask = 2147483647;
			files = (
				A045937B1810FF7700350BDD /* JRFCommentCell.xib in Resources */,
				A0B4418C1808DB3F00529C07 /* Images.xcassets in Resources */,
				A0B441B21808E82600529C07 /* JRFStoryCell.xib in Resources */,
				A0B4417B1808DB3F00529C07 /* InfoPlist.strings in Resources */,
			);
			runOnlyForDeploymentPostprocessing = 0;
		};
		A0B4418F1808DB3F00529C07 /* Resources */ = {
			isa = PBXResourcesBuildPhase;
			buildActionMask = 2147483647;
			files = (
				A0B4419D1808DB3F00529C07 /* InfoPlist.strings in Resources */,
			);
			runOnlyForDeploymentPostprocessing = 0;
		};
/* End PBXResourcesBuildPhase section */

/* Begin PBXShellScriptBuildPhase section */
		28CF969216A947299E906C26 /* Check Pods Manifest.lock */ = {
			isa = PBXShellScriptBuildPhase;
			buildActionMask = 2147483647;
			files = (
			);
			inputPaths = (
			);
			name = "Check Pods Manifest.lock";
			outputPaths = (
			);
			runOnlyForDeploymentPostprocessing = 0;
			shellPath = /bin/sh;
			shellScript = "diff \"${PODS_ROOT}/../Podfile.lock\" \"${PODS_ROOT}/Manifest.lock\" > /dev/null\nif [[ $? != 0 ]] ; then\n    cat << EOM\nerror: The sandbox is not in sync with the Podfile.lock. Run 'pod install' or update your CocoaPods installation.\nEOM\n    exit 1\nfi\n";
			showEnvVarsInLog = 0;
		};
		C0634ECCFEFA4F25A9DE4593 /* Copy Pods Resources */ = {
			isa = PBXShellScriptBuildPhase;
			buildActionMask = 2147483647;
			files = (
			);
			inputPaths = (
			);
			name = "Copy Pods Resources";
			outputPaths = (
			);
			runOnlyForDeploymentPostprocessing = 0;
			shellPath = /bin/sh;
			shellScript = "\"${SRCROOT}/Pods/Pods-resources.sh\"\n";
			showEnvVarsInLog = 0;
		};
/* End PBXShellScriptBuildPhase section */

/* Begin PBXSourcesBuildPhase section */
		A0B441691808DB3F00529C07 /* Sources */ = {
			isa = PBXSourcesBuildPhase;
			buildActionMask = 2147483647;
			files = (
				A046F270180FCF4A004F0471 /* JRFEntryDetailSerializer.m in Sources */,
				A045937E1811975E00350BDD /* JRFURLRouter.m in Sources */,
				A0B441AD1808E09F00529C07 /* JRFStory.m in Sources */,
				A046F26D180FB7F9004F0471 /* NSDate+Utility.m in Sources */,
				A0077AB9180D00ED003A5FFF /* JRFCommentViewController.m in Sources */,
				A0B4417D1808DB3F00529C07 /* main.m in Sources */,
				A046F276180FD01D004F0471 /* NSDictionary+NilSafe.m in Sources */,
				A0B441AA1808DF9A00529C07 /* JRFStoryStore.m in Sources */,
				A046F27D180FE221004F0471 /* JRFCommentCell.m in Sources */,
				A0077AB0180CDF75003A5FFF /* UIColor+HN.m in Sources */,
				A0077AB3180CDFBB003A5FFF /* UIFont+HN.m in Sources */,
				A0B441B01808E81800529C07 /* JRFStoryCell.m in Sources */,
				A00CE5B6180BEB7D003F91AC /* JRFHNBrowserController.m in Sources */,
				A0B441BA18092C3C00529C07 /* JRFEntrySerializer.m in Sources */,
				A046F273180FCFA5004F0471 /* JRFComment.m in Sources */,
				A0B441871808DB3F00529C07 /* JRFStoriesFeedViewController.m in Sources */,
				A0B441BD180B809200529C07 /* JRFBrowserController.m in Sources */,
				A0B441811808DB3F00529C07 /* JRFAppDelegate.m in Sources */,
			);
			runOnlyForDeploymentPostprocessing = 0;
		};
		A0B4418D1808DB3F00529C07 /* Sources */ = {
			isa = PBXSourcesBuildPhase;
			buildActionMask = 2147483647;
			files = (
				A0B4419F1808DB3F00529C07 /* JFHNTests.m in Sources */,
			);
			runOnlyForDeploymentPostprocessing = 0;
		};
/* End PBXSourcesBuildPhase section */

/* Begin PBXTargetDependency section */
		A0B441971808DB3F00529C07 /* PBXTargetDependency */ = {
			isa = PBXTargetDependency;
			target = A0B4416C1808DB3F00529C07 /* JFHN */;
			targetProxy = A0B441961808DB3F00529C07 /* PBXContainerItemProxy */;
		};
/* End PBXTargetDependency section */

/* Begin PBXVariantGroup section */
		A0B441791808DB3F00529C07 /* InfoPlist.strings */ = {
			isa = PBXVariantGroup;
			children = (
				A0B4417A1808DB3F00529C07 /* en */,
			);
			name = InfoPlist.strings;
			sourceTree = "<group>";
		};
		A0B4419B1808DB3F00529C07 /* InfoPlist.strings */ = {
			isa = PBXVariantGroup;
			children = (
				A0B4419C1808DB3F00529C07 /* en */,
			);
			name = InfoPlist.strings;
			sourceTree = "<group>";
		};
/* End PBXVariantGroup section */

/* Begin XCBuildConfiguration section */
		A0B441A01808DB3F00529C07 /* Debug */ = {
			isa = XCBuildConfiguration;
			buildSettings = {
				ALWAYS_SEARCH_USER_PATHS = NO;
				ARCHS = "$(ARCHS_STANDARD_INCLUDING_64_BIT)";
				CLANG_CXX_LANGUAGE_STANDARD = "gnu++0x";
				CLANG_CXX_LIBRARY = "libc++";
				CLANG_ENABLE_MODULES = YES;
				CLANG_ENABLE_OBJC_ARC = YES;
				CLANG_WARN_BOOL_CONVERSION = YES;
				CLANG_WARN_CONSTANT_CONVERSION = YES;
				CLANG_WARN_DIRECT_OBJC_ISA_USAGE = YES_ERROR;
				CLANG_WARN_EMPTY_BODY = YES;
				CLANG_WARN_ENUM_CONVERSION = YES;
				CLANG_WARN_INT_CONVERSION = YES;
				CLANG_WARN_OBJC_ROOT_CLASS = YES_ERROR;
				CLANG_WARN__DUPLICATE_METHOD_MATCH = YES;
				"CODE_SIGN_IDENTITY[sdk=iphoneos*]" = "iPhone Developer";
				COPY_PHASE_STRIP = NO;
				GCC_C_LANGUAGE_STANDARD = gnu99;
				GCC_DYNAMIC_NO_PIC = NO;
				GCC_OPTIMIZATION_LEVEL = 0;
				GCC_PREPROCESSOR_DEFINITIONS = (
					"DEBUG=1",
					"$(inherited)",
				);
				GCC_SYMBOLS_PRIVATE_EXTERN = NO;
				GCC_WARN_64_TO_32_BIT_CONVERSION = YES;
				GCC_WARN_ABOUT_RETURN_TYPE = YES_ERROR;
				GCC_WARN_UNDECLARED_SELECTOR = YES;
				GCC_WARN_UNINITIALIZED_AUTOS = YES;
				GCC_WARN_UNUSED_FUNCTION = YES;
				GCC_WARN_UNUSED_VARIABLE = YES;
				IPHONEOS_DEPLOYMENT_TARGET = 7.0;
				ONLY_ACTIVE_ARCH = YES;
				SDKROOT = iphoneos;
			};
			name = Debug;
		};
		A0B441A11808DB3F00529C07 /* Release */ = {
			isa = XCBuildConfiguration;
			buildSettings = {
				ALWAYS_SEARCH_USER_PATHS = NO;
				ARCHS = "$(ARCHS_STANDARD_INCLUDING_64_BIT)";
				CLANG_CXX_LANGUAGE_STANDARD = "gnu++0x";
				CLANG_CXX_LIBRARY = "libc++";
				CLANG_ENABLE_MODULES = YES;
				CLANG_ENABLE_OBJC_ARC = YES;
				CLANG_WARN_BOOL_CONVERSION = YES;
				CLANG_WARN_CONSTANT_CONVERSION = YES;
				CLANG_WARN_DIRECT_OBJC_ISA_USAGE = YES_ERROR;
				CLANG_WARN_EMPTY_BODY = YES;
				CLANG_WARN_ENUM_CONVERSION = YES;
				CLANG_WARN_INT_CONVERSION = YES;
				CLANG_WARN_OBJC_ROOT_CLASS = YES_ERROR;
				CLANG_WARN__DUPLICATE_METHOD_MATCH = YES;
				"CODE_SIGN_IDENTITY[sdk=iphoneos*]" = "iPhone Developer";
				COPY_PHASE_STRIP = YES;
				ENABLE_NS_ASSERTIONS = NO;
				GCC_C_LANGUAGE_STANDARD = gnu99;
				GCC_WARN_64_TO_32_BIT_CONVERSION = YES;
				GCC_WARN_ABOUT_RETURN_TYPE = YES_ERROR;
				GCC_WARN_UNDECLARED_SELECTOR = YES;
				GCC_WARN_UNINITIALIZED_AUTOS = YES;
				GCC_WARN_UNUSED_FUNCTION = YES;
				GCC_WARN_UNUSED_VARIABLE = YES;
				IPHONEOS_DEPLOYMENT_TARGET = 7.0;
				SDKROOT = iphoneos;
				VALIDATE_PRODUCT = YES;
			};
			name = Release;
		};
		A0B441A31808DB3F00529C07 /* Debug */ = {
			isa = XCBuildConfiguration;
			baseConfigurationReference = F49651D2A68643A4BF21E552 /* Pods.xcconfig */;
			buildSettings = {
				ASSETCATALOG_COMPILER_APPICON_NAME = AppIcon;
				ASSETCATALOG_COMPILER_LAUNCHIMAGE_NAME = LaunchImage;
				GCC_PRECOMPILE_PREFIX_HEADER = YES;
				GCC_PREFIX_HEADER = "JFHN/JFHN-Prefix.pch";
				INFOPLIST_FILE = "JFHN/JFHN-Info.plist";
				PRODUCT_NAME = "$(TARGET_NAME)";
				WRAPPER_EXTENSION = app;
			};
			name = Debug;
		};
		A0B441A41808DB3F00529C07 /* Release */ = {
			isa = XCBuildConfiguration;
			baseConfigurationReference = F49651D2A68643A4BF21E552 /* Pods.xcconfig */;
			buildSettings = {
				ASSETCATALOG_COMPILER_APPICON_NAME = AppIcon;
				ASSETCATALOG_COMPILER_LAUNCHIMAGE_NAME = LaunchImage;
				GCC_PRECOMPILE_PREFIX_HEADER = YES;
				GCC_PREFIX_HEADER = "JFHN/JFHN-Prefix.pch";
				INFOPLIST_FILE = "JFHN/JFHN-Info.plist";
				PRODUCT_NAME = "$(TARGET_NAME)";
				WRAPPER_EXTENSION = app;
			};
			name = Release;
		};
		A0B441A61808DB3F00529C07 /* Debug */ = {
			isa = XCBuildConfiguration;
			buildSettings = {
				ARCHS = "$(ARCHS_STANDARD_INCLUDING_64_BIT)";
				BUNDLE_LOADER = "$(BUILT_PRODUCTS_DIR)/JFHN.app/JFHN";
				FRAMEWORK_SEARCH_PATHS = (
					"$(SDKROOT)/Developer/Library/Frameworks",
					"$(inherited)",
					"$(DEVELOPER_FRAMEWORKS_DIR)",
				);
				GCC_PRECOMPILE_PREFIX_HEADER = YES;
				GCC_PREFIX_HEADER = "JFHN/JFHN-Prefix.pch";
				GCC_PREPROCESSOR_DEFINITIONS = (
					"DEBUG=1",
					"$(inherited)",
				);
				INFOPLIST_FILE = "JFHNTests/JFHNTests-Info.plist";
				PRODUCT_NAME = "$(TARGET_NAME)";
				TEST_HOST = "$(BUNDLE_LOADER)";
				WRAPPER_EXTENSION = xctest;
			};
			name = Debug;
		};
		A0B441A71808DB3F00529C07 /* Release */ = {
			isa = XCBuildConfiguration;
			buildSettings = {
				ARCHS = "$(ARCHS_STANDARD_INCLUDING_64_BIT)";
				BUNDLE_LOADER = "$(BUILT_PRODUCTS_DIR)/JFHN.app/JFHN";
				FRAMEWORK_SEARCH_PATHS = (
					"$(SDKROOT)/Developer/Library/Frameworks",
					"$(inherited)",
					"$(DEVELOPER_FRAMEWORKS_DIR)",
				);
				GCC_PRECOMPILE_PREFIX_HEADER = YES;
				GCC_PREFIX_HEADER = "JFHN/JFHN-Prefix.pch";
				INFOPLIST_FILE = "JFHNTests/JFHNTests-Info.plist";
				PRODUCT_NAME = "$(TARGET_NAME)";
				TEST_HOST = "$(BUNDLE_LOADER)";
				WRAPPER_EXTENSION = xctest;
			};
			name = Release;
		};
/* End XCBuildConfiguration section */

/* Begin XCConfigurationList section */
		A0B441681808DB3F00529C07 /* Build configuration list for PBXProject "JFHN" */ = {
			isa = XCConfigurationList;
			buildConfigurations = (
				A0B441A01808DB3F00529C07 /* Debug */,
				A0B441A11808DB3F00529C07 /* Release */,
			);
			defaultConfigurationIsVisible = 0;
			defaultConfigurationName = Release;
		};
		A0B441A21808DB3F00529C07 /* Build configuration list for PBXNativeTarget "JFHN" */ = {
			isa = XCConfigurationList;
			buildConfigurations = (
				A0B441A31808DB3F00529C07 /* Debug */,
				A0B441A41808DB3F00529C07 /* Release */,
			);
			defaultConfigurationIsVisible = 0;
			defaultConfigurationName = Release;
		};
		A0B441A51808DB3F00529C07 /* Build configuration list for PBXNativeTarget "JFHNTests" */ = {
			isa = XCConfigurationList;
			buildConfigurations = (
				A0B441A61808DB3F00529C07 /* Debug */,
				A0B441A71808DB3F00529C07 /* Release */,
			);
			defaultConfigurationIsVisible = 0;
			defaultConfigurationName = Release;
		};
/* End XCConfigurationList section */
	};
	rootObject = A0B441651808DB3F00529C07 /* Project object */;
}
